{
    "version": 3,
    "terraform_version": "0.11.14",
    "serial": 8,
    "lineage": "9941a4f9-737a-48f6-1d26-28c68288df3a",
    "modules": [
        {
            "path": [
                "root"
            ],
            "outputs": {
                "Private_Subnet1": {
                    "sensitive": false,
                    "type": "string",
                    "value": "subnet-079d41be12306d7c3"
                },
                "Private_Subnet2": {
                    "sensitive": false,
                    "type": "string",
                    "value": "subnet-094aa69457322f987"
                },
                "Private_Subnet3": {
                    "sensitive": false,
                    "type": "string",
                    "value": "subnet-088801ff48ed9c4ae"
                },
                "Subnet1": {
                    "sensitive": false,
                    "type": "string",
                    "value": "subnet-05cf98f66b9d20f0d"
                },
                "Subnet2": {
                    "sensitive": false,
                    "type": "string",
                    "value": "subnet-069a0e91f1b33493a"
                },
                "Subnet3": {
                    "sensitive": false,
                    "type": "string",
                    "value": "subnet-0093ca29073c5ca8a"
                },
                "vpc_ID": {
                    "sensitive": false,
                    "type": "string",
                    "value": "vpc-0b10e2505ec5b73f6"
                }
            },
            "resources": {
                "aws_autoscaling_attachment.wordpress": {
                    "type": "aws_autoscaling_attachment",
                    "depends_on": [],
                    "primary": {
                        "id": "wordpress-asg-20200314212235940000000002-20200314215245224900000001",
                        "attributes": {
                            "autoscaling_group_name": "wordpress-asg-20200314212235940000000002",
                            "elb": "wordpress-terraform-elb",
                            "id": "wordpress-asg-20200314212235940000000002-20200314215245224900000001"
                        },
                        "meta": {},
                        "tainted": false
                    },
                    "deposed": [],
                    "provider": "provider.aws"
                },
                "aws_elb.bar": {
                    "type": "aws_elb",
                    "depends_on": [
                        "data.terraform_remote_state.dev"
                    ],
                    "primary": {
                        "id": "wordpress-terraform-elb",
                        "attributes": {
                            "access_logs.#": "0",
                            "arn": "arn:aws:elasticloadbalancing:us-east-1:783098852858:loadbalancer/wordpress-terraform-elb",
                            "availability_zones.#": "3",
                            "availability_zones.1305112097": "us-east-1b",
                            "availability_zones.3569565595": "us-east-1a",
                            "availability_zones.986537655": "us-east-1c",
                            "connection_draining": "true",
                            "connection_draining_timeout": "400",
                            "cross_zone_load_balancing": "true",
                            "dns_name": "wordpress-terraform-elb-2008937853.us-east-1.elb.amazonaws.com",
                            "health_check.#": "1",
                            "health_check.0.healthy_threshold": "2",
                            "health_check.0.interval": "30",
                            "health_check.0.target": "HTTP:80/",
                            "health_check.0.timeout": "3",
                            "health_check.0.unhealthy_threshold": "2",
                            "id": "wordpress-terraform-elb",
                            "idle_timeout": "400",
                            "instances.#": "1",
                            "instances.4151892425": "i-0690d82bc4d89681b",
                            "internal": "false",
                            "listener.#": "1",
                            "listener.3057123346.instance_port": "80",
                            "listener.3057123346.instance_protocol": "http",
                            "listener.3057123346.lb_port": "80",
                            "listener.3057123346.lb_protocol": "http",
                            "listener.3057123346.ssl_certificate_id": "",
                            "name": "wordpress-terraform-elb",
                            "security_groups.#": "1",
                            "security_groups.4041084465": "sg-0db3c1f51ebe073f6",
                            "source_security_group": "783098852858/default",
                            "source_security_group_id": "sg-0db3c1f51ebe073f6",
                            "subnets.#": "3",
                            "subnets.1874227763": "subnet-05cf98f66b9d20f0d",
                            "subnets.4059682499": "subnet-069a0e91f1b33493a",
                            "subnets.4118259856": "subnet-0093ca29073c5ca8a",
                            "tags.%": "1",
                            "tags.Name": "foobar-terraform-elb",
                            "zone_id": "Z35SXDOTRQ7X7K"
                        },
                        "meta": {},
                        "tainted": false
                    },
                    "deposed": [],
                    "provider": "provider.aws"
                },
                "aws_security_group.allow_tls": {
                    "type": "aws_security_group",
                    "depends_on": [
                        "data.terraform_remote_state.dev"
                    ],
                    "primary": {
                        "id": "sg-026f3810311393496",
                        "attributes": {
                            "arn": "arn:aws:ec2:us-east-1:783098852858:security-group/sg-026f3810311393496",
                            "description": "Allow TLS inbound traffic",
                            "egress.#": "1",
                            "egress.482069346.cidr_blocks.#": "1",
                            "egress.482069346.cidr_blocks.0": "0.0.0.0/0",
                            "egress.482069346.description": "",
                            "egress.482069346.from_port": "0",
                            "egress.482069346.ipv6_cidr_blocks.#": "0",
                            "egress.482069346.prefix_list_ids.#": "0",
                            "egress.482069346.protocol": "-1",
                            "egress.482069346.security_groups.#": "0",
                            "egress.482069346.self": "false",
                            "egress.482069346.to_port": "0",
                            "id": "sg-026f3810311393496",
                            "ingress.#": "1",
                            "ingress.1650761905.cidr_blocks.#": "1",
                            "ingress.1650761905.cidr_blocks.0": "0.0.0.0/0",
                            "ingress.1650761905.description": "TLS from VPC",
                            "ingress.1650761905.from_port": "443",
                            "ingress.1650761905.ipv6_cidr_blocks.#": "0",
                            "ingress.1650761905.prefix_list_ids.#": "0",
                            "ingress.1650761905.protocol": "tcp",
                            "ingress.1650761905.security_groups.#": "0",
                            "ingress.1650761905.self": "false",
                            "ingress.1650761905.to_port": "443",
                            "name": "allow_tls",
                            "owner_id": "783098852858",
                            "revoke_rules_on_delete": "false",
                            "tags.%": "1",
                            "tags.Name": "allow_tls",
                            "vpc_id": "vpc-0b10e2505ec5b73f6"
                        },
                        "meta": {
                            "e2bfb730-ecaa-11e6-8f88-34363bc7c4c0": {
                                "create": 600000000000,
                                "delete": 600000000000
                            },
                            "schema_version": "1"
                        },
                        "tainted": false
                    },
                    "deposed": [],
                    "provider": "provider.aws"
                },
                "data.aws_ami.ubuntu": {
                    "type": "aws_ami",
                    "depends_on": [],
                    "primary": {
                        "id": "ami-000b3a073fc20e415",
                        "attributes": {
                            "architecture": "x86_64",
                            "block_device_mappings.#": "3",
                            "block_device_mappings.1634610537.device_name": "/dev/sdb",
                            "block_device_mappings.1634610537.ebs.%": "0",
                            "block_device_mappings.1634610537.no_device": "",
                            "block_device_mappings.1634610537.virtual_name": "ephemeral0",
                            "block_device_mappings.2547816212.device_name": "/dev/sda1",
                            "block_device_mappings.2547816212.ebs.%": "6",
                            "block_device_mappings.2547816212.ebs.delete_on_termination": "true",
                            "block_device_mappings.2547816212.ebs.encrypted": "false",
                            "block_device_mappings.2547816212.ebs.iops": "0",
                            "block_device_mappings.2547816212.ebs.snapshot_id": "snap-0d0c75281cdaf5fe5",
                            "block_device_mappings.2547816212.ebs.volume_size": "8",
                            "block_device_mappings.2547816212.ebs.volume_type": "gp2",
                            "block_device_mappings.2547816212.no_device": "",
                            "block_device_mappings.2547816212.virtual_name": "",
                            "block_device_mappings.3850042718.device_name": "/dev/sdc",
                            "block_device_mappings.3850042718.ebs.%": "0",
                            "block_device_mappings.3850042718.no_device": "",
                            "block_device_mappings.3850042718.virtual_name": "ephemeral1",
                            "creation_date": "2019-11-11T13:12:33.000Z",
                            "description": "Canonical, Ubuntu, 14.04 LTS, amd64 trusty image build on 2019-11-07",
                            "filter.#": "2",
                            "filter.4182425345.name": "name",
                            "filter.4182425345.values.#": "1",
                            "filter.4182425345.values.0": "ubuntu/images/hvm-ssd/ubuntu-trusty-14.04-amd64-server-*",
                            "filter.490168357.name": "virtualization-type",
                            "filter.490168357.values.#": "1",
                            "filter.490168357.values.0": "hvm",
                            "hypervisor": "xen",
                            "id": "ami-000b3a073fc20e415",
                            "image_id": "ami-000b3a073fc20e415",
                            "image_location": "099720109477/ubuntu/images/hvm-ssd/ubuntu-trusty-14.04-amd64-server-20191107",
                            "image_type": "machine",
                            "most_recent": "true",
                            "name": "ubuntu/images/hvm-ssd/ubuntu-trusty-14.04-amd64-server-20191107",
                            "owner_id": "099720109477",
                            "owners.#": "1",
                            "owners.0": "099720109477",
                            "product_codes.#": "0",
                            "public": "true",
                            "root_device_name": "/dev/sda1",
                            "root_device_type": "ebs",
                            "root_snapshot_id": "snap-0d0c75281cdaf5fe5",
                            "sriov_net_support": "simple",
                            "state": "available",
                            "state_reason.%": "2",
                            "state_reason.code": "UNSET",
                            "state_reason.message": "UNSET",
                            "tags.%": "0",
                            "virtualization_type": "hvm"
                        },
                        "meta": {},
                        "tainted": false
                    },
                    "deposed": [],
                    "provider": "provider.aws"
                },
                "data.terraform_remote_state.dev": {
                    "type": "terraform_remote_state",
                    "depends_on": [],
                    "primary": {
                        "id": "2020-03-14 21:52:36.442531915 +0000 UTC",
                        "attributes": {
                            "IGW": "igw-042c23c9b21654139",
                            "Private_Subnet1": "subnet-079d41be12306d7c3",
                            "Private_Subnet2": "subnet-094aa69457322f987",
                            "Private_Subnet3": "subnet-088801ff48ed9c4ae",
                            "backend": "s3",
                            "config.#": "1",
                            "config.2686178019.bucket": "terraform-class-merve",
                            "config.2686178019.key": "tower/us-east-1/tools/virginia/tower.tfstate",
                            "config.2686178019.region": "us-east-1",
                            "environment": "default",
                            "id": "2020-03-14 21:52:36.442531915 +0000 UTC",
                            "subnet1": "subnet-05cf98f66b9d20f0d",
                            "subnet2": "subnet-069a0e91f1b33493a",
                            "subnet3": "subnet-0093ca29073c5ca8a",
                            "vpc_ID": "vpc-0b10e2505ec5b73f6",
                            "workspace": "default"
                        },
                        "meta": {},
                        "tainted": false
                    },
                    "deposed": [],
                    "provider": "provider.terraform"
                }
            },
            "depends_on": []
        },
        {
            "path": [
                "root",
                "wordpress"
            ],
            "outputs": {
                "this_autoscaling_group_arn": {
                    "sensitive": false,
                    "type": "string",
                    "value": "arn:aws:autoscaling:us-east-1:783098852858:autoScalingGroup:a1f38caf-a940-49c1-88fb-1e8380273ec5:autoScalingGroupName/wordpress-asg-20200314212235940000000002"
                },
                "this_autoscaling_group_default_cooldown": {
                    "sensitive": false,
                    "type": "string",
                    "value": "300"
                },
                "this_autoscaling_group_desired_capacity": {
                    "sensitive": false,
                    "type": "string",
                    "value": "3"
                },
                "this_autoscaling_group_health_check_grace_period": {
                    "sensitive": false,
                    "type": "string",
                    "value": "300"
                },
                "this_autoscaling_group_health_check_type": {
                    "sensitive": false,
                    "type": "string",
                    "value": "EC2"
                },
                "this_autoscaling_group_id": {
                    "sensitive": false,
                    "type": "string",
                    "value": "wordpress-asg-20200314212235940000000002"
                },
                "this_autoscaling_group_max_size": {
                    "sensitive": false,
                    "type": "string",
                    "value": "5"
                },
                "this_autoscaling_group_min_size": {
                    "sensitive": false,
                    "type": "string",
                    "value": "3"
                },
                "this_autoscaling_group_name": {
                    "sensitive": false,
                    "type": "string",
                    "value": "wordpress-asg-20200314212235940000000002"
                },
                "this_launch_configuration_id": {
                    "sensitive": false,
                    "type": "string",
                    "value": "wordpress-lc-20200314212234987200000001"
                },
                "this_launch_configuration_name": {
                    "sensitive": false,
                    "type": "string",
                    "value": "wordpress-lc-20200314212234987200000001"
                }
            },
            "resources": {
                "aws_autoscaling_group.this": {
                    "type": "aws_autoscaling_group",
                    "depends_on": [
                        "aws_launch_configuration.this.*",
                        "local.tags_asg_format",
                        "random_pet.asg_name.*"
                    ],
                    "primary": {
                        "id": "wordpress-asg-20200314212235940000000002",
                        "attributes": {
                            "arn": "arn:aws:autoscaling:us-east-1:783098852858:autoScalingGroup:a1f38caf-a940-49c1-88fb-1e8380273ec5:autoScalingGroupName/wordpress-asg-20200314212235940000000002",
                            "availability_zones.#": "3",
                            "availability_zones.1305112097": "us-east-1b",
                            "availability_zones.3569565595": "us-east-1a",
                            "availability_zones.986537655": "us-east-1c",
                            "default_cooldown": "300",
                            "desired_capacity": "3",
                            "enabled_metrics.#": "8",
                            "enabled_metrics.119681000": "GroupStandbyInstances",
                            "enabled_metrics.1940933563": "GroupTotalInstances",
                            "enabled_metrics.308948767": "GroupPendingInstances",
                            "enabled_metrics.3267518000": "GroupTerminatingInstances",
                            "enabled_metrics.3394537085": "GroupDesiredCapacity",
                            "enabled_metrics.3551801763": "GroupInServiceInstances",
                            "enabled_metrics.4118539418": "GroupMinSize",
                            "enabled_metrics.4136111317": "GroupMaxSize",
                            "force_delete": "false",
                            "health_check_grace_period": "300",
                            "health_check_type": "EC2",
                            "id": "wordpress-asg-20200314212235940000000002",
                            "launch_configuration": "wordpress-lc-20200314212234987200000001",
                            "launch_template.#": "0",
                            "load_balancers.#": "0",
                            "max_instance_lifetime": "0",
                            "max_size": "5",
                            "metrics_granularity": "1Minute",
                            "min_elb_capacity": "0",
                            "min_size": "3",
                            "mixed_instances_policy.#": "0",
                            "name": "wordpress-asg-20200314212235940000000002",
                            "name_prefix": "wordpress-asg-",
                            "placement_group": "",
                            "protect_from_scale_in": "false",
                            "service_linked_role_arn": "arn:aws:iam::783098852858:role/aws-service-role/autoscaling.amazonaws.com/AWSServiceRoleForAutoScaling",
                            "suspended_processes.#": "0",
                            "tags.#": "3",
                            "tags.0.%": "3",
                            "tags.0.key": "Name",
                            "tags.0.propagate_at_launch": "1",
                            "tags.0.value": "wordpress",
                            "tags.1.%": "3",
                            "tags.1.key": "Environment",
                            "tags.1.propagate_at_launch": "1",
                            "tags.1.value": "dev",
                            "tags.2.%": "3",
                            "tags.2.key": "Project",
                            "tags.2.propagate_at_launch": "1",
                            "tags.2.value": "megasecret",
                            "target_group_arns.#": "0",
                            "termination_policies.#": "1",
                            "termination_policies.0": "Default",
                            "vpc_zone_identifier.#": "3",
                            "vpc_zone_identifier.1874227763": "subnet-05cf98f66b9d20f0d",
                            "vpc_zone_identifier.4059682499": "subnet-069a0e91f1b33493a",
                            "vpc_zone_identifier.4118259856": "subnet-0093ca29073c5ca8a",
                            "wait_for_capacity_timeout": "0",
                            "wait_for_elb_capacity": "0"
                        },
                        "meta": {
                            "e2bfb730-ecaa-11e6-8f88-34363bc7c4c0": {
                                "delete": 600000000000
                            }
                        },
                        "tainted": false
                    },
                    "deposed": [],
                    "provider": "provider.aws"
                },
                "aws_launch_configuration.this": {
                    "type": "aws_launch_configuration",
                    "depends_on": [],
                    "primary": {
                        "id": "wordpress-lc-20200314212234987200000001",
                        "attributes": {
                            "arn": "arn:aws:autoscaling:us-east-1:783098852858:launchConfiguration:001651af-d76c-4600-99a3-59eb77aa1441:launchConfigurationName/wordpress-lc-20200314212234987200000001",
                            "associate_public_ip_address": "false",
                            "ebs_block_device.#": "0",
                            "ebs_optimized": "false",
                            "enable_monitoring": "true",
                            "ephemeral_block_device.#": "0",
                            "iam_instance_profile": "",
                            "id": "wordpress-lc-20200314212234987200000001",
                            "image_id": "ami-000b3a073fc20e415",
                            "instance_type": "t2.micro",
                            "key_name": "",
                            "name": "wordpress-lc-20200314212234987200000001",
                            "name_prefix": "wordpress-lc-",
                            "placement_tenancy": "default",
                            "root_block_device.#": "0",
                            "security_groups.#": "1",
                            "security_groups.1656416849": "sg-026f3810311393496",
                            "spot_price": "",
                            "user_data": "b858cb282617fb0956d960215c8e84d1ccf909c6",
                            "vpc_classic_link_id": "",
                            "vpc_classic_link_security_groups.#": "0"
                        },
                        "meta": {},
                        "tainted": false
                    },
                    "deposed": [],
                    "provider": "provider.aws"
                }
            },
            "depends_on": []
        }
    ]
}
